
Microsoft Visual Studio Solution File, Format Version 12.00
# Visual Studio Version 17
VisualStudioVersion = 17.8.34525.116
MinimumVisualStudioVersion = 10.0.40219.1
Project("{FAE04EC0-301F-11D3-BF4B-00C04F79EFBC}") = "progra 1#", "progra 1#\progra 1#.csproj", "{D1AEC6C4-65BF-4864-A5E2-63B4F9F41A45}"
EndProject
Global
	GlobalSection(SolutionConfigurationPlatforms) = preSolution
		Debug|Any CPU = Debug|Any CPU
		Release|Any CPU = Release|Any CPU
	EndGlobalSection
	GlobalSection(ProjectConfigurationPlatforms) = postSolution
		{D1AEC6C4-65BF-4864-A5E2-63B4F9F41A45}.Debug|Any CPU.ActiveCfg = Debug|Any CPU
		{D1AEC6C4-65BF-4864-A5E2-63B4F9F41A45}.Debug|Any CPU.Build.0 = Debug|Any CPU
		{D1AEC6C4-65BF-4864-A5E2-63B4F9F41A45}.Release|Any CPU.ActiveCfg = Release|Any CPU
		{D1AEC6C4-65BF-4864-A5E2-63B4F9F41A45}.Release|Any CPU.Build.0 = Release|Any CPU
	EndGlobalSection
	GlobalSection(SolutionProperties) = preSolution
		HideSolutionNode = FALSE
	EndGlobalSection
	GlobalSection(ExtensibilityGlobals) = postSolution
		SolutionGuid = {2B314D6B-D30D-4962-AFC1-7B90A5799868}
	EndGlobalSection
EndGlobal
